
Microsoft Visual Studio Solution File, Format Version 12.00
# Visual Studio Version 17
VisualStudioVersion = 17.4.33205.214
MinimumVisualStudioVersion = 10.0.40219.1
Project("{FAE04EC0-301F-11D3-BF4B-00C04F79EFBC}") = "DDDOrders", "DDDOrders\DDDOrders.csproj", "{04C81B5B-1AF0-43FC-9032-40B8FC059E86}"
EndProject
Project("{FAE04EC0-301F-11D3-BF4B-00C04F79EFBC}") = "SimpleOrders", "SimpleOrders\SimpleOrders.csproj", "{02674810-F716-469B-AF9B-BCC0779FAD3C}"
EndProject
Project("{FAE04EC0-301F-11D3-BF4B-00C04F79EFBC}") = "DDDOrders.Domain", "DDDOrders.Domain\DDDOrders.Domain.csproj", "{F8467300-B88F-4B89-B8CF-A7C6784F4B2C}"
EndProject
Global
	GlobalSection(SolutionConfigurationPlatforms) = preSolution
		Debug|Any CPU = Debug|Any CPU
		Release|Any CPU = Release|Any CPU
	EndGlobalSection
	GlobalSection(ProjectConfigurationPlatforms) = postSolution
		{04C81B5B-1AF0-43FC-9032-40B8FC059E86}.Debug|Any CPU.ActiveCfg = Debug|Any CPU
		{04C81B5B-1AF0-43FC-9032-40B8FC059E86}.Debug|Any CPU.Build.0 = Debug|Any CPU
		{04C81B5B-1AF0-43FC-9032-40B8FC059E86}.Release|Any CPU.ActiveCfg = Release|Any CPU
		{04C81B5B-1AF0-43FC-9032-40B8FC059E86}.Release|Any CPU.Build.0 = Release|Any CPU
		{02674810-F716-469B-AF9B-BCC0779FAD3C}.Debug|Any CPU.ActiveCfg = Debug|Any CPU
		{02674810-F716-469B-AF9B-BCC0779FAD3C}.Debug|Any CPU.Build.0 = Debug|Any CPU
		{02674810-F716-469B-AF9B-BCC0779FAD3C}.Release|Any CPU.ActiveCfg = Release|Any CPU
		{02674810-F716-469B-AF9B-BCC0779FAD3C}.Release|Any CPU.Build.0 = Release|Any CPU
		{F8467300-B88F-4B89-B8CF-A7C6784F4B2C}.Debug|Any CPU.ActiveCfg = Debug|Any CPU
		{F8467300-B88F-4B89-B8CF-A7C6784F4B2C}.Debug|Any CPU.Build.0 = Debug|Any CPU
		{F8467300-B88F-4B89-B8CF-A7C6784F4B2C}.Release|Any CPU.ActiveCfg = Release|Any CPU
		{F8467300-B88F-4B89-B8CF-A7C6784F4B2C}.Release|Any CPU.Build.0 = Release|Any CPU
	EndGlobalSection
	GlobalSection(SolutionProperties) = preSolution
		HideSolutionNode = FALSE
	EndGlobalSection
	GlobalSection(ExtensibilityGlobals) = postSolution
		SolutionGuid = {5A941FE6-8E32-4594-8A6F-DBC2DF534799}
	EndGlobalSection
EndGlobal
